
Microsoft Visual Studio Solution File, Format Version 12.00
# Visual Studio 15
VisualStudioVersion = 15.0.27130.2036
MinimumVisualStudioVersion = 10.0.40219.1
Project("{FAE04EC0-301F-11D3-BF4B-00C04F79EFBC}") = "ClassWork4", "ClassWork4\ClassWork4.csproj", "{B2C104E7-E187-45F9-9B63-8A1493452181}"
EndProject
Global
	GlobalSection(SolutionConfigurationPlatforms) = preSolution
		Debug|Any CPU = Debug|Any CPU
		Release|Any CPU = Release|Any CPU
	EndGlobalSection
	GlobalSection(ProjectConfigurationPlatforms) = postSolution
		{B2C104E7-E187-45F9-9B63-8A1493452181}.Debug|Any CPU.ActiveCfg = Debug|Any CPU
		{B2C104E7-E187-45F9-9B63-8A1493452181}.Debug|Any CPU.Build.0 = Debug|Any CPU
		{B2C104E7-E187-45F9-9B63-8A1493452181}.Release|Any CPU.ActiveCfg = Release|Any CPU
		{B2C104E7-E187-45F9-9B63-8A1493452181}.Release|Any CPU.Build.0 = Release|Any CPU
	EndGlobalSection
	GlobalSection(SolutionProperties) = preSolution
		HideSolutionNode = FALSE
	EndGlobalSection
	GlobalSection(ExtensibilityGlobals) = postSolution
		SolutionGuid = {1350D29E-7ABB-419D-91FE-19485E0A7BCB}
	EndGlobalSection
EndGlobal
